
Microsoft Visual Studio Solution File, Format Version 12.00
# Visual Studio 15
VisualStudioVersion = 15.0.28307.1758
MinimumVisualStudioVersion = 10.0.40219.1
Project("{8BC9CEB8-8B4A-11D0-8D11-00A0C91BC942}") = "Crisscross", "Crisscross\Crisscross.vcxproj", "{0C620A8C-A8B9-465D-8FCE-AC5A1A23E225}"
EndProject
Global
	GlobalSection(SolutionConfigurationPlatforms) = preSolution
		Debug|x64 = Debug|x64
		Debug|x86 = Debug|x86
		Release|x64 = Release|x64
		Release|x86 = Release|x86
	EndGlobalSection
	GlobalSection(ProjectConfigurationPlatforms) = postSolution
		{0C620A8C-A8B9-465D-8FCE-AC5A1A23E225}.Debug|x64.ActiveCfg = Debug|x64
		{0C620A8C-A8B9-465D-8FCE-AC5A1A23E225}.Debug|x64.Build.0 = Debug|x64
		{0C620A8C-A8B9-465D-8FCE-AC5A1A23E225}.Debug|x86.ActiveCfg = Debug|Win32
		{0C620A8C-A8B9-465D-8FCE-AC5A1A23E225}.Debug|x86.Build.0 = Debug|Win32
		{0C620A8C-A8B9-465D-8FCE-AC5A1A23E225}.Release|x64.ActiveCfg = Release|x64
		{0C620A8C-A8B9-465D-8FCE-AC5A1A23E225}.Release|x64.Build.0 = Release|x64
		{0C620A8C-A8B9-465D-8FCE-AC5A1A23E225}.Release|x86.ActiveCfg = Release|Win32
		{0C620A8C-A8B9-465D-8FCE-AC5A1A23E225}.Release|x86.Build.0 = Release|Win32
	EndGlobalSection
	GlobalSection(SolutionProperties) = preSolution
		HideSolutionNode = FALSE
	EndGlobalSection
	GlobalSection(ExtensibilityGlobals) = postSolution
		SolutionGuid = {B903199D-4C41-4BCF-BB38-43C3AC4544A8}
	EndGlobalSection
EndGlobal
